
Microsoft Visual Studio Solution File, Format Version 12.00
# Visual Studio Version 17
VisualStudioVersion = 17.5.002.0
MinimumVisualStudioVersion = 10.0.40219.1
Project("{9A19103F-16F7-4668-BE54-9A1E7A4F7556}") = "Arch.Tests", "Arch.Tests\Arch.Tests.csproj", "{5A143CE2-5C82-423F-8D4C-EC85DB925B37}"
EndProject
Project("{9A19103F-16F7-4668-BE54-9A1E7A4F7556}") = "Arch", "Arch\Arch.csproj", "{7F9FA79E-7BC3-4086-84AE-EC43386CB0D7}"
EndProject
Global
	GlobalSection(SolutionConfigurationPlatforms) = preSolution
		Debug|Any CPU = Debug|Any CPU
		Release|Any CPU = Release|Any CPU
	EndGlobalSection
	GlobalSection(ProjectConfigurationPlatforms) = postSolution
		{5A143CE2-5C82-423F-8D4C-EC85DB925B37}.Debug|Any CPU.ActiveCfg = Debug|Any CPU
		{5A143CE2-5C82-423F-8D4C-EC85DB925B37}.Debug|Any CPU.Build.0 = Debug|Any CPU
		{5A143CE2-5C82-423F-8D4C-EC85DB925B37}.Release|Any CPU.ActiveCfg = Release|Any CPU
		{5A143CE2-5C82-423F-8D4C-EC85DB925B37}.Release|Any CPU.Build.0 = Release|Any CPU
		{7F9FA79E-7BC3-4086-84AE-EC43386CB0D7}.Debug|Any CPU.ActiveCfg = Debug|Any CPU
		{7F9FA79E-7BC3-4086-84AE-EC43386CB0D7}.Debug|Any CPU.Build.0 = Debug|Any CPU
		{7F9FA79E-7BC3-4086-84AE-EC43386CB0D7}.Release|Any CPU.ActiveCfg = Release|Any CPU
		{7F9FA79E-7BC3-4086-84AE-EC43386CB0D7}.Release|Any CPU.Build.0 = Release|Any CPU
	EndGlobalSection
	GlobalSection(SolutionProperties) = preSolution
		HideSolutionNode = FALSE
	EndGlobalSection
	GlobalSection(ExtensibilityGlobals) = postSolution
		SolutionGuid = {60247EBC-3044-4F2C-BEEF-D7767E7AA443}
	EndGlobalSection
EndGlobal
